
Microsoft Visual Studio Solution File, Format Version 12.00
# Visual Studio Version 17
VisualStudioVersion = 17.4.33103.184
MinimumVisualStudioVersion = 10.0.40219.1
Project("{8BC9CEB8-8B4A-11D0-8D11-00A0C91BC942}") = "FormsMDis", "FormsMDis.vcxproj", "{E17A691D-9ACC-40EE-9905-A40F7D051BBD}"
EndProject
Global
	GlobalSection(SolutionConfigurationPlatforms) = preSolution
		Debug|x64 = Debug|x64
		Debug|x86 = Debug|x86
		Release|x64 = Release|x64
		Release|x86 = Release|x86
	EndGlobalSection
	GlobalSection(ProjectConfigurationPlatforms) = postSolution
		{E17A691D-9ACC-40EE-9905-A40F7D051BBD}.Debug|x64.ActiveCfg = Debug|x64
		{E17A691D-9ACC-40EE-9905-A40F7D051BBD}.Debug|x64.Build.0 = Debug|x64
		{E17A691D-9ACC-40EE-9905-A40F7D051BBD}.Debug|x86.ActiveCfg = Debug|Win32
		{E17A691D-9ACC-40EE-9905-A40F7D051BBD}.Debug|x86.Build.0 = Debug|Win32
		{E17A691D-9ACC-40EE-9905-A40F7D051BBD}.Release|x64.ActiveCfg = Release|x64
		{E17A691D-9ACC-40EE-9905-A40F7D051BBD}.Release|x64.Build.0 = Release|x64
		{E17A691D-9ACC-40EE-9905-A40F7D051BBD}.Release|x86.ActiveCfg = Release|Win32
		{E17A691D-9ACC-40EE-9905-A40F7D051BBD}.Release|x86.Build.0 = Release|Win32
	EndGlobalSection
	GlobalSection(SolutionProperties) = preSolution
		HideSolutionNode = FALSE
	EndGlobalSection
	GlobalSection(ExtensibilityGlobals) = postSolution
		SolutionGuid = {15D79DB3-83DC-447C-AD85-1D2B1D680433}
	EndGlobalSection
EndGlobal
